
Microsoft Visual Studio Solution File, Format Version 12.00
# Visual Studio Version 17
VisualStudioVersion = 17.13.35806.99 d17.13
MinimumVisualStudioVersion = 10.0.40219.1
Project("{FAE04EC0-301F-11D3-BF4B-00C04F79EFBC}") = "appRH", "appRH\appRH.csproj", "{9432CD4C-E96F-4600-868E-C43500E8CA1D}"
EndProject
Global
	GlobalSection(SolutionConfigurationPlatforms) = preSolution
		Debug|Any CPU = Debug|Any CPU
		Release|Any CPU = Release|Any CPU
	EndGlobalSection
	GlobalSection(ProjectConfigurationPlatforms) = postSolution
		{9432CD4C-E96F-4600-868E-C43500E8CA1D}.Debug|Any CPU.ActiveCfg = Debug|Any CPU
		{9432CD4C-E96F-4600-868E-C43500E8CA1D}.Debug|Any CPU.Build.0 = Debug|Any CPU
		{9432CD4C-E96F-4600-868E-C43500E8CA1D}.Release|Any CPU.ActiveCfg = Release|Any CPU
		{9432CD4C-E96F-4600-868E-C43500E8CA1D}.Release|Any CPU.Build.0 = Release|Any CPU
	EndGlobalSection
	GlobalSection(SolutionProperties) = preSolution
		HideSolutionNode = FALSE
	EndGlobalSection
	GlobalSection(ExtensibilityGlobals) = postSolution
		SolutionGuid = {CFA3E0AE-1458-4213-A67E-BD1CA74DBE8A}
	EndGlobalSection
EndGlobal
